{
  "name": "stream-statics",
  "version": "0.2.0",
  "lockfileVersion": 2,
  "requires": true,
  "packages": {
    "": {
      "name": "stream-statics",
      "version": "0.2.0",
      "license": "ISC",
      "bin": {
        "stream-statics": "cli.js",
        "stst": "cli.js"
      },
      "devDependencies": {
        "@types/mime-types": "^2.1.1",
        "@types/node": "^16.18.32",
        "clear-folder": "^5.0.0",
        "typescript": "^5.0.4"
      }
    },
    "node_modules/@types/mime-types": {
      "version": "2.1.1",
      "resolved": "https://registry.npmjs.org/@types/mime-types/-/mime-types-2.1.1.tgz",
      "integrity": "sha512-vXOTGVSLR2jMw440moWTC7H19iUyLtP3Z1YTj7cSsubOICinjMxFeb/V57v9QdyyPGbbWolUFSSmSiRSn94tFw==",
      "dev": true
    },
    "node_modules/@types/node": {
      "version": "16.18.34",
      "resolved": "https://registry.npmjs.org/@types/node/-/node-16.18.34.tgz",
      "integrity": "sha512-VmVm7gXwhkUimRfBwVI1CHhwp86jDWR04B5FGebMMyxV90SlCmFujwUHrxTD4oO+SOYU86SoxvhgeRQJY7iXFg==",
      "dev": true
    },
    "node_modules/chalk": {
      "version": "5.2.0",
      "resolved": "https://registry.npmjs.org/chalk/-/chalk-5.2.0.tgz",
      "integrity": "sha512-ree3Gqw/nazQAPuJJEy+avdl7QfZMcUvmHIKgEZkGL+xOBzRvup5Hxo6LHuMceSxOabuJLJm5Yp/92R9eMmMvA==",
      "dev": true,
      "engines": {
        "node": "^12.17.0 || ^14.13 || >=16.0.0"
      },
      "funding": {
        "url": "https://github.com/chalk/chalk?sponsor=1"
      }
    },
    "node_modules/clear-folder": {
      "version": "5.0.0",
      "resolved": "https://registry.npmjs.org/clear-folder/-/clear-folder-5.0.0.tgz",
      "integrity": "sha512-edCTUY6i2N18TuwG9wOT/A3unrnVN1vacVihOfk867CG3v4HwFgVUw0ol1DdjiJ0RiTgINjQlXNDTgqDeDzwSA==",
      "dev": true,
      "dependencies": {
        "chalk": "^5.2.0"
      },
      "bin": {
        "cf": "cli.js",
        "clear-folder": "cli.js"
      }
    },
    "node_modules/typescript": {
      "version": "5.0.4",
      "resolved": "https://registry.npmjs.org/typescript/-/typescript-5.0.4.tgz",
      "integrity": "sha512-cW9T5W9xY37cc+jfEnaUvX91foxtHkza3Nw3wkoF4sSlKn0MONdkdEndig/qPBWXNkmplh3NzayQzCiHM4/hqw==",
      "dev": true,
      "bin": {
        "tsc": "bin/tsc",
        "tsserver": "bin/tsserver"
      },
      "engines": {
        "node": ">=12.20"
      }
    }
  },
  "dependencies": {
    "@types/mime-types": {
      "version": "2.1.1",
      "resolved": "https://registry.npmjs.org/@types/mime-types/-/mime-types-2.1.1.tgz",
      "integrity": "sha512-vXOTGVSLR2jMw440moWTC7H19iUyLtP3Z1YTj7cSsubOICinjMxFeb/V57v9QdyyPGbbWolUFSSmSiRSn94tFw==",
      "dev": true
    },
    "@types/node": {
      "version": "16.18.34",
      "resolved": "https://registry.npmjs.org/@types/node/-/node-16.18.34.tgz",
      "integrity": "sha512-VmVm7gXwhkUimRfBwVI1CHhwp86jDWR04B5FGebMMyxV90SlCmFujwUHrxTD4oO+SOYU86SoxvhgeRQJY7iXFg==",
      "dev": true
    },
    "chalk": {
      "version": "5.2.0",
      "resolved": "https://registry.npmjs.org/chalk/-/chalk-5.2.0.tgz",
      "integrity": "sha512-ree3Gqw/nazQAPuJJEy+avdl7QfZMcUvmHIKgEZkGL+xOBzRvup5Hxo6LHuMceSxOabuJLJm5Yp/92R9eMmMvA==",
      "dev": true
    },
    "clear-folder": {
      "version": "5.0.0",
      "resolved": "https://registry.npmjs.org/clear-folder/-/clear-folder-5.0.0.tgz",
      "integrity": "sha512-edCTUY6i2N18TuwG9wOT/A3unrnVN1vacVihOfk867CG3v4HwFgVUw0ol1DdjiJ0RiTgINjQlXNDTgqDeDzwSA==",
      "dev": true,
      "requires": {
        "chalk": "^5.2.0"
      }
    },
    "typescript": {
      "version": "5.0.4",
      "resolved": "https://registry.npmjs.org/typescript/-/typescript-5.0.4.tgz",
      "integrity": "sha512-cW9T5W9xY37cc+jfEnaUvX91foxtHkza3Nw3wkoF4sSlKn0MONdkdEndig/qPBWXNkmplh3NzayQzCiHM4/hqw==",
      "dev": true
    }
  }
}
